
Microsoft Visual Studio Solution File, Format Version 12.00
# Visual Studio Version 16
VisualStudioVersion = 16.0.29920.165
MinimumVisualStudioVersion = 10.0.40219.1
Project("{8BC9CEB8-8B4A-11D0-8D11-00A0C91BC942}") = "__asm_emit generator", "__asm_emit generator.vcxproj", "{F7B1AAFB-D512-4D9A-A1B7-ECB840970664}"
EndProject
Global
	GlobalSection(SolutionConfigurationPlatforms) = preSolution
		Debug|x64 = Debug|x64
		Debug|x86 = Debug|x86
		Release|x64 = Release|x64
		Release|x86 = Release|x86
	EndGlobalSection
	GlobalSection(ProjectConfigurationPlatforms) = postSolution
		{F7B1AAFB-D512-4D9A-A1B7-ECB840970664}.Debug|x64.ActiveCfg = Debug|x64
		{F7B1AAFB-D512-4D9A-A1B7-ECB840970664}.Debug|x64.Build.0 = Debug|x64
		{F7B1AAFB-D512-4D9A-A1B7-ECB840970664}.Debug|x86.ActiveCfg = Debug|Win32
		{F7B1AAFB-D512-4D9A-A1B7-ECB840970664}.Debug|x86.Build.0 = Debug|Win32
		{F7B1AAFB-D512-4D9A-A1B7-ECB840970664}.Release|x64.ActiveCfg = Release|x64
		{F7B1AAFB-D512-4D9A-A1B7-ECB840970664}.Release|x64.Build.0 = Release|x64
		{F7B1AAFB-D512-4D9A-A1B7-ECB840970664}.Release|x86.ActiveCfg = Release|Win32
		{F7B1AAFB-D512-4D9A-A1B7-ECB840970664}.Release|x86.Build.0 = Release|Win32
	EndGlobalSection
	GlobalSection(SolutionProperties) = preSolution
		HideSolutionNode = FALSE
	EndGlobalSection
	GlobalSection(ExtensibilityGlobals) = postSolution
		SolutionGuid = {014A76D9-DF5D-44C2-8807-83680F04E214}
	EndGlobalSection
EndGlobal
